{
    "_meta": {
        "hash": {
            "sha256": "99ce22c3e2043106af47121f0cac41e64388fbc029a4001bab6b84770e93038f"
        },
        "pipfile-spec": 6,
        "requires": {
            "python_version": "3.8"
        },
        "sources": [
            {
                "name": "pypi",
                "url": "https://pypi.org/simple",
                "verify_ssl": true
            }
        ]
    },
    "default": {
        "asgiref": {
            "hashes": [
                "sha256:7e51911ee147dd685c3c8b805c0ad0cb58d360987b56953878f8c06d2d1c6f1a",
                "sha256:9fc6fb5d39b8af147ba40765234fa822b39818b12cc80b35ad9b0cef3a476aed"
            ],
            "version": "==3.2.10"
        },
        "django": {
            "hashes": [
                "sha256:1a63f5bb6ff4d7c42f62a519edc2adbb37f9b78068a5a862beff858b68e3dc8b",
                "sha256:2d390268a13c655c97e0e2ede9d117007996db692c1bb93eabebd4fb7ea7012b"
            ],
            "index": "pypi",
            "version": "==3.1"
        },
        "djangorestframework": {
            "hashes": [
                "sha256:7fb1c91a8f9aa5ccb39d1568925a6433659dacfc1af7ac757b293d6451ddb9e1",
                "sha256:9d5b07a2dd29b4fb18da2e6a888051f34b286b3bfc1c3fe885a17e16e389c569"
            ],
            "index": "pypi",
            "version": "==3.12"
        },
        "pytz": {
            "hashes": [
                "sha256:a494d53b6d39c3c6e44c3bec237336e14305e4f29bbf800b599253057fbb79ed",
                "sha256:c35965d010ce31b23eeb663ed3cc8c906275d6be1a34393a1d73a41febf4a048"
            ],
            "version": "==2020.1"
        },
        "sqlparse": {
            "hashes": [
                "sha256:0523026398aea9c8b5f7a4a6d5c0829c285b4fbd960c17b5967a369342e21e01",
                "sha256:d59e473424ae7470778fa4dd0dd7bb666ff324f0a6106c29deb5946ea5367f04"
            ],
            "version": "==0.4.0"
        }
    },
    "develop": {}
}
